
Microsoft Visual Studio Solution File, Format Version 12.00
# Visual Studio 15
VisualStudioVersion = 15.0.28307.271
MinimumVisualStudioVersion = 10.0.40219.1
Project("{FAE04EC0-301F-11D3-BF4B-00C04F79EFBC}") = "FIFO_animal_shelter", "FIFO_animal_shelter\FIFO_animal_shelter.csproj", "{622650EF-DC2A-4C8E-9CE6-51ADFB9DEF2A}"
EndProject
Global
	GlobalSection(SolutionConfigurationPlatforms) = preSolution
		Debug|Any CPU = Debug|Any CPU
		Release|Any CPU = Release|Any CPU
	EndGlobalSection
	GlobalSection(ProjectConfigurationPlatforms) = postSolution
		{622650EF-DC2A-4C8E-9CE6-51ADFB9DEF2A}.Debug|Any CPU.ActiveCfg = Debug|Any CPU
		{622650EF-DC2A-4C8E-9CE6-51ADFB9DEF2A}.Debug|Any CPU.Build.0 = Debug|Any CPU
		{622650EF-DC2A-4C8E-9CE6-51ADFB9DEF2A}.Release|Any CPU.ActiveCfg = Release|Any CPU
		{622650EF-DC2A-4C8E-9CE6-51ADFB9DEF2A}.Release|Any CPU.Build.0 = Release|Any CPU
	EndGlobalSection
	GlobalSection(SolutionProperties) = preSolution
		HideSolutionNode = FALSE
	EndGlobalSection
	GlobalSection(ExtensibilityGlobals) = postSolution
		SolutionGuid = {6A2043F7-7D75-43CD-86AF-C484524E8DE2}
	EndGlobalSection
EndGlobal
