
Microsoft Visual Studio Solution File, Format Version 12.00
# Visual Studio 15
VisualStudioVersion = 15.0.28307.271
MinimumVisualStudioVersion = 10.0.40219.1
Project("{FAE04EC0-301F-11D3-BF4B-00C04F79EFBC}") = "XUnitTestProject1", "XUnitTestProject1\XUnitTestProject1.csproj", "{6EE29AB0-8D94-40E4-B6FF-283F93DBB163}"
EndProject
Global
	GlobalSection(SolutionConfigurationPlatforms) = preSolution
		Debug|Any CPU = Debug|Any CPU
		Release|Any CPU = Release|Any CPU
	EndGlobalSection
	GlobalSection(ProjectConfigurationPlatforms) = postSolution
		{6EE29AB0-8D94-40E4-B6FF-283F93DBB163}.Debug|Any CPU.ActiveCfg = Debug|Any CPU
		{6EE29AB0-8D94-40E4-B6FF-283F93DBB163}.Debug|Any CPU.Build.0 = Debug|Any CPU
		{6EE29AB0-8D94-40E4-B6FF-283F93DBB163}.Release|Any CPU.ActiveCfg = Release|Any CPU
		{6EE29AB0-8D94-40E4-B6FF-283F93DBB163}.Release|Any CPU.Build.0 = Release|Any CPU
	EndGlobalSection
	GlobalSection(SolutionProperties) = preSolution
		HideSolutionNode = FALSE
	EndGlobalSection
	GlobalSection(ExtensibilityGlobals) = postSolution
		SolutionGuid = {067FCBA2-3021-4B98-8868-870EDCDCB066}
	EndGlobalSection
EndGlobal
