
Microsoft Visual Studio Solution File, Format Version 12.00
# Visual Studio 15
VisualStudioVersion = 15.0.28307.271
MinimumVisualStudioVersion = 10.0.40219.1
Project("{FAE04EC0-301F-11D3-BF4B-00C04F79EFBC}") = "stack_and_que", "stack_and_que\stack_and_que.csproj", "{570E7FB7-167F-4923-AB77-1D97AB03EE7F}"
EndProject
Global
	GlobalSection(SolutionConfigurationPlatforms) = preSolution
		Debug|Any CPU = Debug|Any CPU
		Release|Any CPU = Release|Any CPU
	EndGlobalSection
	GlobalSection(ProjectConfigurationPlatforms) = postSolution
		{570E7FB7-167F-4923-AB77-1D97AB03EE7F}.Debug|Any CPU.ActiveCfg = Debug|Any CPU
		{570E7FB7-167F-4923-AB77-1D97AB03EE7F}.Debug|Any CPU.Build.0 = Debug|Any CPU
		{570E7FB7-167F-4923-AB77-1D97AB03EE7F}.Release|Any CPU.ActiveCfg = Release|Any CPU
		{570E7FB7-167F-4923-AB77-1D97AB03EE7F}.Release|Any CPU.Build.0 = Release|Any CPU
	EndGlobalSection
	GlobalSection(SolutionProperties) = preSolution
		HideSolutionNode = FALSE
	EndGlobalSection
	GlobalSection(ExtensibilityGlobals) = postSolution
		SolutionGuid = {7047C4D2-CD24-4808-84FF-C4E5228CAFF5}
	EndGlobalSection
EndGlobal
