
Microsoft Visual Studio Solution File, Format Version 12.00
# Visual Studio 15
VisualStudioVersion = 15.0.28307.271
MinimumVisualStudioVersion = 10.0.40219.1
Project("{FAE04EC0-301F-11D3-BF4B-00C04F79EFBC}") = "que_with_stack", "que_with_stack\que_with_stack.csproj", "{B50A05B8-4349-4488-8854-CCE4CE11D35E}"
EndProject
Global
	GlobalSection(SolutionConfigurationPlatforms) = preSolution
		Debug|Any CPU = Debug|Any CPU
		Release|Any CPU = Release|Any CPU
	EndGlobalSection
	GlobalSection(ProjectConfigurationPlatforms) = postSolution
		{B50A05B8-4349-4488-8854-CCE4CE11D35E}.Debug|Any CPU.ActiveCfg = Debug|Any CPU
		{B50A05B8-4349-4488-8854-CCE4CE11D35E}.Debug|Any CPU.Build.0 = Debug|Any CPU
		{B50A05B8-4349-4488-8854-CCE4CE11D35E}.Release|Any CPU.ActiveCfg = Release|Any CPU
		{B50A05B8-4349-4488-8854-CCE4CE11D35E}.Release|Any CPU.Build.0 = Release|Any CPU
	EndGlobalSection
	GlobalSection(SolutionProperties) = preSolution
		HideSolutionNode = FALSE
	EndGlobalSection
	GlobalSection(ExtensibilityGlobals) = postSolution
		SolutionGuid = {12D22DAE-717C-486E-ACFE-64FBA10A19F6}
	EndGlobalSection
EndGlobal
